
Microsoft Visual Studio Solution File, Format Version 12.00
# Visual Studio Version 16
VisualStudioVersion = 16.0.31019.35
MinimumVisualStudioVersion = 10.0.40219.1
Project("{FAE04EC0-301F-11D3-BF4B-00C04F79EFBC}") = "Prj_Shop_Watch_Online", "Prj_Shop_Watch_Online\Prj_Shop_Watch_Online.csproj", "{D2CA424A-9DEC-4191-B193-A9B598A70775}"
EndProject
Global
	GlobalSection(SolutionConfigurationPlatforms) = preSolution
		Debug|Any CPU = Debug|Any CPU
		Release|Any CPU = Release|Any CPU
	EndGlobalSection
	GlobalSection(ProjectConfigurationPlatforms) = postSolution
		{D2CA424A-9DEC-4191-B193-A9B598A70775}.Debug|Any CPU.ActiveCfg = Debug|Any CPU
		{D2CA424A-9DEC-4191-B193-A9B598A70775}.Debug|Any CPU.Build.0 = Debug|Any CPU
		{D2CA424A-9DEC-4191-B193-A9B598A70775}.Release|Any CPU.ActiveCfg = Release|Any CPU
		{D2CA424A-9DEC-4191-B193-A9B598A70775}.Release|Any CPU.Build.0 = Release|Any CPU
	EndGlobalSection
	GlobalSection(SolutionProperties) = preSolution
		HideSolutionNode = FALSE
	EndGlobalSection
	GlobalSection(ExtensibilityGlobals) = postSolution
		SolutionGuid = {6E1ED033-360B-48A9-9E79-B527D86CB0A8}
	EndGlobalSection
EndGlobal
